
Microsoft Visual Studio Solution File, Format Version 12.00
# Visual Studio Version 17
VisualStudioVersion = 17.14.36603.0 d17.14
MinimumVisualStudioVersion = 10.0.40219.1
Project("{FAE04EC0-301F-11D3-BF4B-00C04F79EFBC}") = "EntityOrnek", "EntityOrnek\EntityOrnek.csproj", "{D94CBAC4-4F27-4B85-9804-4DBA79344E2A}"
EndProject
Global
	GlobalSection(SolutionConfigurationPlatforms) = preSolution
		Debug|Any CPU = Debug|Any CPU
		Release|Any CPU = Release|Any CPU
	EndGlobalSection
	GlobalSection(ProjectConfigurationPlatforms) = postSolution
		{D94CBAC4-4F27-4B85-9804-4DBA79344E2A}.Debug|Any CPU.ActiveCfg = Debug|Any CPU
		{D94CBAC4-4F27-4B85-9804-4DBA79344E2A}.Debug|Any CPU.Build.0 = Debug|Any CPU
		{D94CBAC4-4F27-4B85-9804-4DBA79344E2A}.Release|Any CPU.ActiveCfg = Release|Any CPU
		{D94CBAC4-4F27-4B85-9804-4DBA79344E2A}.Release|Any CPU.Build.0 = Release|Any CPU
	EndGlobalSection
	GlobalSection(SolutionProperties) = preSolution
		HideSolutionNode = FALSE
	EndGlobalSection
	GlobalSection(ExtensibilityGlobals) = postSolution
		SolutionGuid = {28A3FC5C-D971-4786-8F47-A2577A5C885A}
	EndGlobalSection
EndGlobal
